
Microsoft Visual Studio Solution File, Format Version 12.00
# Visual Studio 2012
Project("{FAE04EC0-301F-11D3-BF4B-00C04F79EFBC}") = "01. LeapYearCheck", "01. LeapYearCheck\01. LeapYearCheck.csproj", "{E23AD649-9E4F-46F9-B9F2-5643B5B0FB5B}"
EndProject
Project("{FAE04EC0-301F-11D3-BF4B-00C04F79EFBC}") = "02. PrintRandomNum", "02. PrintRandomNum\02. PrintRandomNum.csproj", "{46D1E15C-2B6E-4CE2-8B1B-E31D3A93989B}"
EndProject
Project("{FAE04EC0-301F-11D3-BF4B-00C04F79EFBC}") = "03. DayOfWeek", "03. DayOfWeek\03. DayOfWeek.csproj", "{2D2795F3-663B-447C-BEC9-BD48EF3875B5}"
EndProject
Project("{FAE04EC0-301F-11D3-BF4B-00C04F79EFBC}") = "04. CalcTriangleArea", "04. CalcTriangleArea\04. CalcTriangleArea.csproj", "{432750C9-A361-47B5-A958-779D01C86C9C}"
EndProject
Project("{FAE04EC0-301F-11D3-BF4B-00C04F79EFBC}") = "05. CaclWorkdays", "05. CaclWorkdays\05. CaclWorkdays.csproj", "{7C56531D-790A-46FB-98E7-D0409125DA9F}"
EndProject
Project("{FAE04EC0-301F-11D3-BF4B-00C04F79EFBC}") = "06. SumIntsFromString", "06. SumIntsFromString\06. SumIntsFromString.csproj", "{9475407E-40A3-4895-B398-3A4E33AE1A93}"
EndProject
Global
	GlobalSection(SolutionConfigurationPlatforms) = preSolution
		Debug|Any CPU = Debug|Any CPU
		Release|Any CPU = Release|Any CPU
	EndGlobalSection
	GlobalSection(ProjectConfigurationPlatforms) = postSolution
		{E23AD649-9E4F-46F9-B9F2-5643B5B0FB5B}.Debug|Any CPU.ActiveCfg = Debug|Any CPU
		{E23AD649-9E4F-46F9-B9F2-5643B5B0FB5B}.Debug|Any CPU.Build.0 = Debug|Any CPU
		{E23AD649-9E4F-46F9-B9F2-5643B5B0FB5B}.Release|Any CPU.ActiveCfg = Release|Any CPU
		{E23AD649-9E4F-46F9-B9F2-5643B5B0FB5B}.Release|Any CPU.Build.0 = Release|Any CPU
		{46D1E15C-2B6E-4CE2-8B1B-E31D3A93989B}.Debug|Any CPU.ActiveCfg = Debug|Any CPU
		{46D1E15C-2B6E-4CE2-8B1B-E31D3A93989B}.Debug|Any CPU.Build.0 = Debug|Any CPU
		{46D1E15C-2B6E-4CE2-8B1B-E31D3A93989B}.Release|Any CPU.ActiveCfg = Release|Any CPU
		{46D1E15C-2B6E-4CE2-8B1B-E31D3A93989B}.Release|Any CPU.Build.0 = Release|Any CPU
		{2D2795F3-663B-447C-BEC9-BD48EF3875B5}.Debug|Any CPU.ActiveCfg = Debug|Any CPU
		{2D2795F3-663B-447C-BEC9-BD48EF3875B5}.Debug|Any CPU.Build.0 = Debug|Any CPU
		{2D2795F3-663B-447C-BEC9-BD48EF3875B5}.Release|Any CPU.ActiveCfg = Release|Any CPU
		{2D2795F3-663B-447C-BEC9-BD48EF3875B5}.Release|Any CPU.Build.0 = Release|Any CPU
		{432750C9-A361-47B5-A958-779D01C86C9C}.Debug|Any CPU.ActiveCfg = Debug|Any CPU
		{432750C9-A361-47B5-A958-779D01C86C9C}.Debug|Any CPU.Build.0 = Debug|Any CPU
		{432750C9-A361-47B5-A958-779D01C86C9C}.Release|Any CPU.ActiveCfg = Release|Any CPU
		{432750C9-A361-47B5-A958-779D01C86C9C}.Release|Any CPU.Build.0 = Release|Any CPU
		{7C56531D-790A-46FB-98E7-D0409125DA9F}.Debug|Any CPU.ActiveCfg = Debug|Any CPU
		{7C56531D-790A-46FB-98E7-D0409125DA9F}.Debug|Any CPU.Build.0 = Debug|Any CPU
		{7C56531D-790A-46FB-98E7-D0409125DA9F}.Release|Any CPU.ActiveCfg = Release|Any CPU
		{7C56531D-790A-46FB-98E7-D0409125DA9F}.Release|Any CPU.Build.0 = Release|Any CPU
		{9475407E-40A3-4895-B398-3A4E33AE1A93}.Debug|Any CPU.ActiveCfg = Debug|Any CPU
		{9475407E-40A3-4895-B398-3A4E33AE1A93}.Debug|Any CPU.Build.0 = Debug|Any CPU
		{9475407E-40A3-4895-B398-3A4E33AE1A93}.Release|Any CPU.ActiveCfg = Release|Any CPU
		{9475407E-40A3-4895-B398-3A4E33AE1A93}.Release|Any CPU.Build.0 = Release|Any CPU
	EndGlobalSection
	GlobalSection(SolutionProperties) = preSolution
		HideSolutionNode = FALSE
	EndGlobalSection
EndGlobal
